// !$*UTF8*$!
{
	archiveVersion = 1;
	classes = {
	};
	objectVersion = 46;
	objects = {

/* Begin PBXBuildFile section */
		802A72BF15D87C0E00616B37 /* UIKit.framework in Frameworks */ = {isa = PBXBuildFile; fileRef = 802A72BE15D87C0E00616B37 /* UIKit.framework */; };
		802A72C115D87C0E00616B37 /* Foundation.framework in Frameworks */ = {isa = PBXBuildFile; fileRef = 802A72C015D87C0E00616B37 /* Foundation.framework */; };
		802A72C315D87C0E00616B37 /* CoreGraphics.framework in Frameworks */ = {isa = PBXBuildFile; fileRef = 802A72C215D87C0E00616B37 /* CoreGraphics.framework */; };
		802A72C915D87C0E00616B37 /* InfoPlist.strings in Resources */ = {isa = PBXBuildFile; fileRef = 802A72C715D87C0E00616B37 /* InfoPlist.strings */; };
		802A72CB15D87C0E00616B37 /* main.m in Sources */ = {isa = PBXBuildFile; fileRef = 802A72CA15D87C0E00616B37 /* main.m */; };
		802A72CF15D87C0E00616B37 /* AppDelegate.m in Sources */ = {isa = PBXBuildFile; fileRef = 802A72CE15D87C0E00616B37 /* AppDelegate.m */; };
		802A72D715D87C2600616B37 /* CircleView.m in Sources */ = {isa = PBXBuildFile; fileRef = 802A72D615D87C2600616B37 /* CircleView.m */; };
		802A72DA15D87D0200616B37 /* FirstViewController.m in Sources */ = {isa = PBXBuildFile; fileRef = 802A72D915D87D0200616B37 /* FirstViewController.m */; };
/* End PBXBuildFile section */

/* Begin PBXFileReference section */
		802A72BA15D87C0E00616B37 /* Animating.app */ = {isa = PBXFileReference; explicitFileType = wrapper.application; includeInIndex = 0; path = Animating.app; sourceTree = BUILT_PRODUCTS_DIR; };
		802A72BE15D87C0E00616B37 /* UIKit.framework */ = {isa = PBXFileReference; lastKnownFileType = wrapper.framework; name = UIKit.framework; path = System/Library/Frameworks/UIKit.framework; sourceTree = SDKROOT; };
		802A72C015D87C0E00616B37 /* Foundation.framework */ = {isa = PBXFileReference; lastKnownFileType = wrapper.framework; name = Foundation.framework; path = System/Library/Frameworks/Foundation.framework; sourceTree = SDKROOT; };
		802A72C215D87C0E00616B37 /* CoreGraphics.framework */ = {isa = PBXFileReference; lastKnownFileType = wrapper.framework; name = CoreGraphics.framework; path = System/Library/Frameworks/CoreGraphics.framework; sourceTree = SDKROOT; };
		802A72C615D87C0E00616B37 /* Animating-Info.plist */ = {isa = PBXFileReference; lastKnownFileType = text.plist.xml; path = "Animating-Info.plist"; sourceTree = "<group>"; };
		802A72C815D87C0E00616B37 /* en */ = {isa = PBXFileReference; lastKnownFileType = text.plist.strings; name = en; path = en.lproj/InfoPlist.strings; sourceTree = "<group>"; };
		802A72CA15D87C0E00616B37 /* main.m */ = {isa = PBXFileReference; lastKnownFileType = sourcecode.c.objc; path = main.m; sourceTree = "<group>"; };
		802A72CC15D87C0E00616B37 /* Animating-Prefix.pch */ = {isa = PBXFileReference; lastKnownFileType = sourcecode.c.h; path = "Animating-Prefix.pch"; sourceTree = "<group>"; };
		802A72CD15D87C0E00616B37 /* AppDelegate.h */ = {isa = PBXFileReference; lastKnownFileType = sourcecode.c.h; path = AppDelegate.h; sourceTree = "<group>"; };
		802A72CE15D87C0E00616B37 /* AppDelegate.m */ = {isa = PBXFileReference; lastKnownFileType = sourcecode.c.objc; path = AppDelegate.m; sourceTree = "<group>"; };
		802A72D515D87C2600616B37 /* CircleView.h */ = {isa = PBXFileReference; fileEncoding = 4; lastKnownFileType = sourcecode.c.h; path = CircleView.h; sourceTree = "<group>"; };
		802A72D615D87C2600616B37 /* CircleView.m */ = {isa = PBXFileReference; fileEncoding = 4; lastKnownFileType = sourcecode.c.objc; path = CircleView.m; sourceTree = "<group>"; };
		802A72D815D87D0200616B37 /* FirstViewController.h */ = {isa = PBXFileReference; fileEncoding = 4; lastKnownFileType = sourcecode.c.h; path = FirstViewController.h; sourceTree = "<group>"; };
		802A72D915D87D0200616B37 /* FirstViewController.m */ = {isa = PBXFileReference; fileEncoding = 4; lastKnownFileType = sourcecode.c.objc; path = FirstViewController.m; sourceTree = "<group>"; };
/* End PBXFileReference section */

/* Begin PBXFrameworksBuildPhase section */
		802A72B715D87C0E00616B37 /* Frameworks */ = {
			isa = PBXFrameworksBuildPhase;
			buildActionMask = 2147483647;
			files = (
				802A72BF15D87C0E00616B37 /* UIKit.framework in Frameworks */,
				802A72C115D87C0E00616B37 /* Foundation.framework in Frameworks */,
				802A72C315D87C0E00616B37 /* CoreGraphics.framework in Frameworks */,
			);
			runOnlyForDeploymentPostprocessing = 0;
		};
/* End PBXFrameworksBuildPhase section */

/* Begin PBXGroup section */
		802A72AF15D87C0E00616B37 = {
			isa = PBXGroup;
			children = (
				802A72C415D87C0E00616B37 /* Animating */,
				802A72BD15D87C0E00616B37 /* Frameworks */,
				802A72BB15D87C0E00616B37 /* Products */,
			);
			sourceTree = "<group>";
		};
		802A72BB15D87C0E00616B37 /* Products */ = {
			isa = PBXGroup;
			children = (
				802A72BA15D87C0E00616B37 /* Animating.app */,
			);
			name = Products;
			sourceTree = "<group>";
		};
		802A72BD15D87C0E00616B37 /* Frameworks */ = {
			isa = PBXGroup;
			children = (
				802A72BE15D87C0E00616B37 /* UIKit.framework */,
				802A72C015D87C0E00616B37 /* Foundation.framework */,
				802A72C215D87C0E00616B37 /* CoreGraphics.framework */,
			);
			name = Frameworks;
			sourceTree = "<group>";
		};
		802A72C415D87C0E00616B37 /* Animating */ = {
			isa = PBXGroup;
			children = (
				802A72CD15D87C0E00616B37 /* AppDelegate.h */,
				802A72CE15D87C0E00616B37 /* AppDelegate.m */,
				802A72C515D87C0E00616B37 /* Supporting Files */,
				802A72D515D87C2600616B37 /* CircleView.h */,
				802A72D615D87C2600616B37 /* CircleView.m */,
				802A72D815D87D0200616B37 /* FirstViewController.h */,
				802A72D915D87D0200616B37 /* FirstViewController.m */,
			);
			path = Animating;
			sourceTree = "<group>";
		};
		802A72C515D87C0E00616B37 /* Supporting Files */ = {
			isa = PBXGroup;
			children = (
				802A72C615D87C0E00616B37 /* Animating-Info.plist */,
				802A72C715D87C0E00616B37 /* InfoPlist.strings */,
				802A72CA15D87C0E00616B37 /* main.m */,
				802A72CC15D87C0E00616B37 /* Animating-Prefix.pch */,
			);
			name = "Supporting Files";
			sourceTree = "<group>";
		};
/* End PBXGroup section */

/* Begin PBXNativeTarget section */
		802A72B915D87C0E00616B37 /* Animating */ = {
			isa = PBXNativeTarget;
			buildConfigurationList = 802A72D215D87C0E00616B37 /* Build configuration list for PBXNativeTarget "Animating" */;
			buildPhases = (
				802A72B615D87C0E00616B37 /* Sources */,
				802A72B715D87C0E00616B37 /* Frameworks */,
				802A72B815D87C0E00616B37 /* Resources */,
			);
			buildRules = (
			);
			dependencies = (
			);
			name = Animating;
			productName = Animating;
			productReference = 802A72BA15D87C0E00616B37 /* Animating.app */;
			productType = "com.apple.product-type.application";
		};
/* End PBXNativeTarget section */

/* Begin PBXProject section */
		802A72B115D87C0E00616B37 /* Project object */ = {
			isa = PBXProject;
			attributes = {
				LastUpgradeCheck = 0440;
				ORGANIZATIONNAME = "Douglas Starnes";
			};
			buildConfigurationList = 802A72B415D87C0E00616B37 /* Build configuration list for PBXProject "Animating" */;
			compatibilityVersion = "Xcode 3.2";
			developmentRegion = English;
			hasScannedForEncodings = 0;
			knownRegions = (
				en,
			);
			mainGroup = 802A72AF15D87C0E00616B37;
			productRefGroup = 802A72BB15D87C0E00616B37 /* Products */;
			projectDirPath = "";
			projectRoot = "";
			targets = (
				802A72B915D87C0E00616B37 /* Animating */,
			);
		};
/* End PBXProject section */

/* Begin PBXResourcesBuildPhase section */
		802A72B815D87C0E00616B37 /* Resources */ = {
			isa = PBXResourcesBuildPhase;
			buildActionMask = 2147483647;
			files = (
				802A72C915D87C0E00616B37 /* InfoPlist.strings in Resources */,
			);
			runOnlyForDeploymentPostprocessing = 0;
		};
/* End PBXResourcesBuildPhase section */

/* Begin PBXSourcesBuildPhase section */
		802A72B615D87C0E00616B37 /* Sources */ = {
			isa = PBXSourcesBuildPhase;
			buildActionMask = 2147483647;
			files = (
				802A72CB15D87C0E00616B37 /* main.m in Sources */,
				802A72CF15D87C0E00616B37 /* AppDelegate.m in Sources */,
				802A72D715D87C2600616B37 /* CircleView.m in Sources */,
				802A72DA15D87D0200616B37 /* FirstViewController.m in Sources */,
			);
			runOnlyForDeploymentPostprocessing = 0;
		};
/* End PBXSourcesBuildPhase section */

/* Begin PBXVariantGroup section */
		802A72C715D87C0E00616B37 /* InfoPlist.strings */ = {
			isa = PBXVariantGroup;
			children = (
				802A72C815D87C0E00616B37 /* en */,
			);
			name = InfoPlist.strings;
			sourceTree = "<group>";
		};
/* End PBXVariantGroup section */

/* Begin XCBuildConfiguration section */
		802A72D015D87C0E00616B37 /* Debug */ = {
			isa = XCBuildConfiguration;
			buildSettings = {
				ALWAYS_SEARCH_USER_PATHS = NO;
				ARCHS = "$(ARCHS_STANDARD_32_BIT)";
				CLANG_CXX_LANGUAGE_STANDARD = "gnu++0x";
				CLANG_ENABLE_OBJC_ARC = YES;
				CLANG_WARN__DUPLICATE_METHOD_MATCH = YES;
				"CODE_SIGN_IDENTITY[sdk=iphoneos*]" = "iPhone Developer";
				COPY_PHASE_STRIP = NO;
				GCC_C_LANGUAGE_STANDARD = gnu99;
				GCC_DYNAMIC_NO_PIC = NO;
				GCC_OPTIMIZATION_LEVEL = 0;
				GCC_PREPROCESSOR_DEFINITIONS = (
					"DEBUG=1",
					"$(inherited)",
				);
				GCC_SYMBOLS_PRIVATE_EXTERN = NO;
				GCC_VERSION = com.apple.compilers.llvm.clang.1_0;
				GCC_WARN_ABOUT_RETURN_TYPE = YES;
				GCC_WARN_UNINITIALIZED_AUTOS = YES;
				GCC_WARN_UNUSED_VARIABLE = YES;
				IPHONEOS_DEPLOYMENT_TARGET = 5.1;
				SDKROOT = iphoneos;
			};
			name = Debug;
		};
		802A72D115D87C0E00616B37 /* Release */ = {
			isa = XCBuildConfiguration;
			buildSettings = {
				ALWAYS_SEARCH_USER_PATHS = NO;
				ARCHS = "$(ARCHS_STANDARD_32_BIT)";
				CLANG_CXX_LANGUAGE_STANDARD = "gnu++0x";
				CLANG_ENABLE_OBJC_ARC = YES;
				CLANG_WARN__DUPLICATE_METHOD_MATCH = YES;
				"CODE_SIGN_IDENTITY[sdk=iphoneos*]" = "iPhone Developer";
				COPY_PHASE_STRIP = YES;
				GCC_C_LANGUAGE_STANDARD = gnu99;
				GCC_VERSION = com.apple.compilers.llvm.clang.1_0;
				GCC_WARN_ABOUT_RETURN_TYPE = YES;
				GCC_WARN_UNINITIALIZED_AUTOS = YES;
				GCC_WARN_UNUSED_VARIABLE = YES;
				IPHONEOS_DEPLOYMENT_TARGET = 5.1;
				OTHER_CFLAGS = "-DNS_BLOCK_ASSERTIONS=1";
				SDKROOT = iphoneos;
				VALIDATE_PRODUCT = YES;
			};
			name = Release;
		};
		802A72D315D87C0E00616B37 /* Debug */ = {
			isa = XCBuildConfiguration;
			buildSettings = {
				GCC_PRECOMPILE_PREFIX_HEADER = YES;
				GCC_PREFIX_HEADER = "Animating/Animating-Prefix.pch";
				INFOPLIST_FILE = "Animating/Animating-Info.plist";
				PRODUCT_NAME = "$(TARGET_NAME)";
				WRAPPER_EXTENSION = app;
			};
			name = Debug;
		};
		802A72D415D87C0E00616B37 /* Release */ = {
			isa = XCBuildConfiguration;
			buildSettings = {
				GCC_PRECOMPILE_PREFIX_HEADER = YES;
				GCC_PREFIX_HEADER = "Animating/Animating-Prefix.pch";
				INFOPLIST_FILE = "Animating/Animating-Info.plist";
				PRODUCT_NAME = "$(TARGET_NAME)";
				WRAPPER_EXTENSION = app;
			};
			name = Release;
		};
/* End XCBuildConfiguration section */

/* Begin XCConfigurationList section */
		802A72B415D87C0E00616B37 /* Build configuration list for PBXProject "Animating" */ = {
			isa = XCConfigurationList;
			buildConfigurations = (
				802A72D015D87C0E00616B37 /* Debug */,
				802A72D115D87C0E00616B37 /* Release */,
			);
			defaultConfigurationIsVisible = 0;
			defaultConfigurationName = Release;
		};
		802A72D215D87C0E00616B37 /* Build configuration list for PBXNativeTarget "Animating" */ = {
			isa = XCConfigurationList;
			buildConfigurations = (
				802A72D315D87C0E00616B37 /* Debug */,
				802A72D415D87C0E00616B37 /* Release */,
			);
			defaultConfigurationIsVisible = 0;
		};
/* End XCConfigurationList section */
	};
	rootObject = 802A72B115D87C0E00616B37 /* Project object */;
}
