// !$*UTF8*$!
{
	archiveVersion = 1;
	classes = {
	};
	objectVersion = 46;
	objects = {

/* Begin PBXBuildFile section */
		804AD02915EBAEFB00E75330 /* UIKit.framework in Frameworks */ = {isa = PBXBuildFile; fileRef = 804AD02815EBAEFB00E75330 /* UIKit.framework */; };
		804AD02B15EBAEFB00E75330 /* Foundation.framework in Frameworks */ = {isa = PBXBuildFile; fileRef = 804AD02A15EBAEFB00E75330 /* Foundation.framework */; };
		804AD02D15EBAEFB00E75330 /* CoreGraphics.framework in Frameworks */ = {isa = PBXBuildFile; fileRef = 804AD02C15EBAEFB00E75330 /* CoreGraphics.framework */; };
		804AD03315EBAEFB00E75330 /* InfoPlist.strings in Resources */ = {isa = PBXBuildFile; fileRef = 804AD03115EBAEFB00E75330 /* InfoPlist.strings */; };
		804AD03515EBAEFB00E75330 /* main.m in Sources */ = {isa = PBXBuildFile; fileRef = 804AD03415EBAEFB00E75330 /* main.m */; };
		804AD03915EBAEFB00E75330 /* AppDelegate.m in Sources */ = {isa = PBXBuildFile; fileRef = 804AD03815EBAEFB00E75330 /* AppDelegate.m */; };
		804AD04215EBAF2F00E75330 /* MainViewController.m in Sources */ = {isa = PBXBuildFile; fileRef = 804AD04015EBAF2F00E75330 /* MainViewController.m */; };
		804AD04315EBAF2F00E75330 /* MainViewController.xib in Resources */ = {isa = PBXBuildFile; fileRef = 804AD04115EBAF2F00E75330 /* MainViewController.xib */; };
		804AD05015EBB27F00E75330 /* WebViewController.m in Sources */ = {isa = PBXBuildFile; fileRef = 804AD04E15EBB27F00E75330 /* WebViewController.m */; };
		804AD05115EBB27F00E75330 /* WebViewController.xib in Resources */ = {isa = PBXBuildFile; fileRef = 804AD04F15EBB27F00E75330 /* WebViewController.xib */; };
/* End PBXBuildFile section */

/* Begin PBXFileReference section */
		804AD02415EBAEFB00E75330 /* WebViewDemo.app */ = {isa = PBXFileReference; explicitFileType = wrapper.application; includeInIndex = 0; path = WebViewDemo.app; sourceTree = BUILT_PRODUCTS_DIR; };
		804AD02815EBAEFB00E75330 /* UIKit.framework */ = {isa = PBXFileReference; lastKnownFileType = wrapper.framework; name = UIKit.framework; path = System/Library/Frameworks/UIKit.framework; sourceTree = SDKROOT; };
		804AD02A15EBAEFB00E75330 /* Foundation.framework */ = {isa = PBXFileReference; lastKnownFileType = wrapper.framework; name = Foundation.framework; path = System/Library/Frameworks/Foundation.framework; sourceTree = SDKROOT; };
		804AD02C15EBAEFB00E75330 /* CoreGraphics.framework */ = {isa = PBXFileReference; lastKnownFileType = wrapper.framework; name = CoreGraphics.framework; path = System/Library/Frameworks/CoreGraphics.framework; sourceTree = SDKROOT; };
		804AD03015EBAEFB00E75330 /* WebViewDemo-Info.plist */ = {isa = PBXFileReference; lastKnownFileType = text.plist.xml; path = "WebViewDemo-Info.plist"; sourceTree = "<group>"; };
		804AD03215EBAEFB00E75330 /* en */ = {isa = PBXFileReference; lastKnownFileType = text.plist.strings; name = en; path = en.lproj/InfoPlist.strings; sourceTree = "<group>"; };
		804AD03415EBAEFB00E75330 /* main.m */ = {isa = PBXFileReference; lastKnownFileType = sourcecode.c.objc; path = main.m; sourceTree = "<group>"; };
		804AD03615EBAEFB00E75330 /* WebViewDemo-Prefix.pch */ = {isa = PBXFileReference; lastKnownFileType = sourcecode.c.h; path = "WebViewDemo-Prefix.pch"; sourceTree = "<group>"; };
		804AD03715EBAEFB00E75330 /* AppDelegate.h */ = {isa = PBXFileReference; lastKnownFileType = sourcecode.c.h; path = AppDelegate.h; sourceTree = "<group>"; };
		804AD03815EBAEFB00E75330 /* AppDelegate.m */ = {isa = PBXFileReference; lastKnownFileType = sourcecode.c.objc; path = AppDelegate.m; sourceTree = "<group>"; };
		804AD03F15EBAF2F00E75330 /* MainViewController.h */ = {isa = PBXFileReference; fileEncoding = 4; lastKnownFileType = sourcecode.c.h; path = MainViewController.h; sourceTree = "<group>"; };
		804AD04015EBAF2F00E75330 /* MainViewController.m */ = {isa = PBXFileReference; fileEncoding = 4; lastKnownFileType = sourcecode.c.objc; path = MainViewController.m; sourceTree = "<group>"; };
		804AD04115EBAF2F00E75330 /* MainViewController.xib */ = {isa = PBXFileReference; fileEncoding = 4; lastKnownFileType = file.xib; path = MainViewController.xib; sourceTree = "<group>"; };
		804AD04D15EBB27F00E75330 /* WebViewController.h */ = {isa = PBXFileReference; fileEncoding = 4; lastKnownFileType = sourcecode.c.h; path = WebViewController.h; sourceTree = "<group>"; };
		804AD04E15EBB27F00E75330 /* WebViewController.m */ = {isa = PBXFileReference; fileEncoding = 4; lastKnownFileType = sourcecode.c.objc; path = WebViewController.m; sourceTree = "<group>"; };
		804AD04F15EBB27F00E75330 /* WebViewController.xib */ = {isa = PBXFileReference; fileEncoding = 4; lastKnownFileType = file.xib; path = WebViewController.xib; sourceTree = "<group>"; };
/* End PBXFileReference section */

/* Begin PBXFrameworksBuildPhase section */
		804AD02115EBAEFB00E75330 /* Frameworks */ = {
			isa = PBXFrameworksBuildPhase;
			buildActionMask = 2147483647;
			files = (
				804AD02915EBAEFB00E75330 /* UIKit.framework in Frameworks */,
				804AD02B15EBAEFB00E75330 /* Foundation.framework in Frameworks */,
				804AD02D15EBAEFB00E75330 /* CoreGraphics.framework in Frameworks */,
			);
			runOnlyForDeploymentPostprocessing = 0;
		};
/* End PBXFrameworksBuildPhase section */

/* Begin PBXGroup section */
		804AD01915EBAEFB00E75330 = {
			isa = PBXGroup;
			children = (
				804AD02E15EBAEFB00E75330 /* WebViewDemo */,
				804AD02715EBAEFB00E75330 /* Frameworks */,
				804AD02515EBAEFB00E75330 /* Products */,
			);
			sourceTree = "<group>";
		};
		804AD02515EBAEFB00E75330 /* Products */ = {
			isa = PBXGroup;
			children = (
				804AD02415EBAEFB00E75330 /* WebViewDemo.app */,
			);
			name = Products;
			sourceTree = "<group>";
		};
		804AD02715EBAEFB00E75330 /* Frameworks */ = {
			isa = PBXGroup;
			children = (
				804AD02815EBAEFB00E75330 /* UIKit.framework */,
				804AD02A15EBAEFB00E75330 /* Foundation.framework */,
				804AD02C15EBAEFB00E75330 /* CoreGraphics.framework */,
			);
			name = Frameworks;
			sourceTree = "<group>";
		};
		804AD02E15EBAEFB00E75330 /* WebViewDemo */ = {
			isa = PBXGroup;
			children = (
				804AD03715EBAEFB00E75330 /* AppDelegate.h */,
				804AD03815EBAEFB00E75330 /* AppDelegate.m */,
				804AD02F15EBAEFB00E75330 /* Supporting Files */,
				804AD03F15EBAF2F00E75330 /* MainViewController.h */,
				804AD04015EBAF2F00E75330 /* MainViewController.m */,
				804AD04115EBAF2F00E75330 /* MainViewController.xib */,
				804AD04D15EBB27F00E75330 /* WebViewController.h */,
				804AD04E15EBB27F00E75330 /* WebViewController.m */,
				804AD04F15EBB27F00E75330 /* WebViewController.xib */,
			);
			path = WebViewDemo;
			sourceTree = "<group>";
		};
		804AD02F15EBAEFB00E75330 /* Supporting Files */ = {
			isa = PBXGroup;
			children = (
				804AD03015EBAEFB00E75330 /* WebViewDemo-Info.plist */,
				804AD03115EBAEFB00E75330 /* InfoPlist.strings */,
				804AD03415EBAEFB00E75330 /* main.m */,
				804AD03615EBAEFB00E75330 /* WebViewDemo-Prefix.pch */,
			);
			name = "Supporting Files";
			sourceTree = "<group>";
		};
/* End PBXGroup section */

/* Begin PBXNativeTarget section */
		804AD02315EBAEFB00E75330 /* WebViewDemo */ = {
			isa = PBXNativeTarget;
			buildConfigurationList = 804AD03C15EBAEFB00E75330 /* Build configuration list for PBXNativeTarget "WebViewDemo" */;
			buildPhases = (
				804AD02015EBAEFB00E75330 /* Sources */,
				804AD02115EBAEFB00E75330 /* Frameworks */,
				804AD02215EBAEFB00E75330 /* Resources */,
			);
			buildRules = (
			);
			dependencies = (
			);
			name = WebViewDemo;
			productName = WebViewDemo;
			productReference = 804AD02415EBAEFB00E75330 /* WebViewDemo.app */;
			productType = "com.apple.product-type.application";
		};
/* End PBXNativeTarget section */

/* Begin PBXProject section */
		804AD01B15EBAEFB00E75330 /* Project object */ = {
			isa = PBXProject;
			attributes = {
				LastUpgradeCheck = 0440;
				ORGANIZATIONNAME = "Douglas Starnes";
			};
			buildConfigurationList = 804AD01E15EBAEFB00E75330 /* Build configuration list for PBXProject "WebViewDemo" */;
			compatibilityVersion = "Xcode 3.2";
			developmentRegion = English;
			hasScannedForEncodings = 0;
			knownRegions = (
				en,
			);
			mainGroup = 804AD01915EBAEFB00E75330;
			productRefGroup = 804AD02515EBAEFB00E75330 /* Products */;
			projectDirPath = "";
			projectRoot = "";
			targets = (
				804AD02315EBAEFB00E75330 /* WebViewDemo */,
			);
		};
/* End PBXProject section */

/* Begin PBXResourcesBuildPhase section */
		804AD02215EBAEFB00E75330 /* Resources */ = {
			isa = PBXResourcesBuildPhase;
			buildActionMask = 2147483647;
			files = (
				804AD03315EBAEFB00E75330 /* InfoPlist.strings in Resources */,
				804AD04315EBAF2F00E75330 /* MainViewController.xib in Resources */,
				804AD05115EBB27F00E75330 /* WebViewController.xib in Resources */,
			);
			runOnlyForDeploymentPostprocessing = 0;
		};
/* End PBXResourcesBuildPhase section */

/* Begin PBXSourcesBuildPhase section */
		804AD02015EBAEFB00E75330 /* Sources */ = {
			isa = PBXSourcesBuildPhase;
			buildActionMask = 2147483647;
			files = (
				804AD03515EBAEFB00E75330 /* main.m in Sources */,
				804AD03915EBAEFB00E75330 /* AppDelegate.m in Sources */,
				804AD04215EBAF2F00E75330 /* MainViewController.m in Sources */,
				804AD05015EBB27F00E75330 /* WebViewController.m in Sources */,
			);
			runOnlyForDeploymentPostprocessing = 0;
		};
/* End PBXSourcesBuildPhase section */

/* Begin PBXVariantGroup section */
		804AD03115EBAEFB00E75330 /* InfoPlist.strings */ = {
			isa = PBXVariantGroup;
			children = (
				804AD03215EBAEFB00E75330 /* en */,
			);
			name = InfoPlist.strings;
			sourceTree = "<group>";
		};
/* End PBXVariantGroup section */

/* Begin XCBuildConfiguration section */
		804AD03A15EBAEFB00E75330 /* Debug */ = {
			isa = XCBuildConfiguration;
			buildSettings = {
				ALWAYS_SEARCH_USER_PATHS = NO;
				ARCHS = "$(ARCHS_STANDARD_32_BIT)";
				CLANG_CXX_LANGUAGE_STANDARD = "gnu++0x";
				CLANG_ENABLE_OBJC_ARC = YES;
				CLANG_WARN__DUPLICATE_METHOD_MATCH = YES;
				"CODE_SIGN_IDENTITY[sdk=iphoneos*]" = "iPhone Developer";
				COPY_PHASE_STRIP = NO;
				GCC_C_LANGUAGE_STANDARD = gnu99;
				GCC_DYNAMIC_NO_PIC = NO;
				GCC_OPTIMIZATION_LEVEL = 0;
				GCC_PREPROCESSOR_DEFINITIONS = (
					"DEBUG=1",
					"$(inherited)",
				);
				GCC_SYMBOLS_PRIVATE_EXTERN = NO;
				GCC_VERSION = com.apple.compilers.llvm.clang.1_0;
				GCC_WARN_ABOUT_RETURN_TYPE = YES;
				GCC_WARN_UNINITIALIZED_AUTOS = YES;
				GCC_WARN_UNUSED_VARIABLE = YES;
				IPHONEOS_DEPLOYMENT_TARGET = 5.1;
				SDKROOT = iphoneos;
			};
			name = Debug;
		};
		804AD03B15EBAEFB00E75330 /* Release */ = {
			isa = XCBuildConfiguration;
			buildSettings = {
				ALWAYS_SEARCH_USER_PATHS = NO;
				ARCHS = "$(ARCHS_STANDARD_32_BIT)";
				CLANG_CXX_LANGUAGE_STANDARD = "gnu++0x";
				CLANG_ENABLE_OBJC_ARC = YES;
				CLANG_WARN__DUPLICATE_METHOD_MATCH = YES;
				"CODE_SIGN_IDENTITY[sdk=iphoneos*]" = "iPhone Developer";
				COPY_PHASE_STRIP = YES;
				GCC_C_LANGUAGE_STANDARD = gnu99;
				GCC_VERSION = com.apple.compilers.llvm.clang.1_0;
				GCC_WARN_ABOUT_RETURN_TYPE = YES;
				GCC_WARN_UNINITIALIZED_AUTOS = YES;
				GCC_WARN_UNUSED_VARIABLE = YES;
				IPHONEOS_DEPLOYMENT_TARGET = 5.1;
				OTHER_CFLAGS = "-DNS_BLOCK_ASSERTIONS=1";
				SDKROOT = iphoneos;
				VALIDATE_PRODUCT = YES;
			};
			name = Release;
		};
		804AD03D15EBAEFB00E75330 /* Debug */ = {
			isa = XCBuildConfiguration;
			buildSettings = {
				GCC_PRECOMPILE_PREFIX_HEADER = YES;
				GCC_PREFIX_HEADER = "WebViewDemo/WebViewDemo-Prefix.pch";
				INFOPLIST_FILE = "WebViewDemo/WebViewDemo-Info.plist";
				PRODUCT_NAME = "$(TARGET_NAME)";
				WRAPPER_EXTENSION = app;
			};
			name = Debug;
		};
		804AD03E15EBAEFB00E75330 /* Release */ = {
			isa = XCBuildConfiguration;
			buildSettings = {
				GCC_PRECOMPILE_PREFIX_HEADER = YES;
				GCC_PREFIX_HEADER = "WebViewDemo/WebViewDemo-Prefix.pch";
				INFOPLIST_FILE = "WebViewDemo/WebViewDemo-Info.plist";
				PRODUCT_NAME = "$(TARGET_NAME)";
				WRAPPER_EXTENSION = app;
			};
			name = Release;
		};
/* End XCBuildConfiguration section */

/* Begin XCConfigurationList section */
		804AD01E15EBAEFB00E75330 /* Build configuration list for PBXProject "WebViewDemo" */ = {
			isa = XCConfigurationList;
			buildConfigurations = (
				804AD03A15EBAEFB00E75330 /* Debug */,
				804AD03B15EBAEFB00E75330 /* Release */,
			);
			defaultConfigurationIsVisible = 0;
			defaultConfigurationName = Release;
		};
		804AD03C15EBAEFB00E75330 /* Build configuration list for PBXNativeTarget "WebViewDemo" */ = {
			isa = XCConfigurationList;
			buildConfigurations = (
				804AD03D15EBAEFB00E75330 /* Debug */,
				804AD03E15EBAEFB00E75330 /* Release */,
			);
			defaultConfigurationIsVisible = 0;
		};
/* End XCConfigurationList section */
	};
	rootObject = 804AD01B15EBAEFB00E75330 /* Project object */;
}
